
Microsoft Visual Studio Solution File, Format Version 12.00
# Visual Studio Version 17
VisualStudioVersion = 17.0.31903.59
MinimumVisualStudioVersion = 10.0.40219.1
Project("{FAE04EC0-301F-11D3-BF4B-00C04F79EFBC}") = "Legacy89DiskKit.Domain", "Legacy89DiskKit.Domain\Legacy89DiskKit.Domain.csproj", "{60351231-AF16-4563-845B-EA4E0C1169DE}"
EndProject
Project("{FAE04EC0-301F-11D3-BF4B-00C04F79EFBC}") = "Legacy89DiskKit.Infrastructure", "Legacy89DiskKit.Infrastructure\Legacy89DiskKit.Infrastructure.csproj", "{10AF0A7C-1A4D-418A-8336-0C819DCFF080}"
EndProject
Project("{FAE04EC0-301F-11D3-BF4B-00C04F79EFBC}") = "Legacy89DiskKit.Application", "Legacy89DiskKit.Application\Legacy89DiskKit.Application.csproj", "{51529305-ABD4-497C-8CF6-13D20613CCCC}"
EndProject
Project("{FAE04EC0-301F-11D3-BF4B-00C04F79EFBC}") = "Legacy89DiskKit.NativeInterop", "Legacy89DiskKit.NativeInterop\Legacy89DiskKit.NativeInterop.csproj", "{B17C526A-5F1A-49CA-AB80-68F372C22240}"
EndProject
Project("{FAE04EC0-301F-11D3-BF4B-00C04F79EFBC}") = "Legacy89DiskKit.Cli", "Legacy89DiskKit.Cli\Legacy89DiskKit.Cli.csproj", "{20FA371C-D561-49A2-A443-5D0E6493185B}"
EndProject
Project("{FAE04EC0-301F-11D3-BF4B-00C04F79EFBC}") = "Legacy89DiskKit.Tests", "Legacy89DiskKit.Tests\Legacy89DiskKit.Tests.csproj", "{30A9D488-2DAE-4C82-B685-3C3773090B0E}"
EndProject
Project("{FAE04EC0-301F-11D3-BF4B-00C04F79EFBC}") = "Legacy89DiskKit.FileSystem.Application", "Legacy89DiskKit.FileSystem.Application\Legacy89DiskKit.FileSystem.Application.csproj", "{44C51862-03C7-4BBB-B466-EB507A9A77D2}"
EndProject
Project("{FAE04EC0-301F-11D3-BF4B-00C04F79EFBC}") = "Legacy89DiskKit.CharacterEncoding.Application", "Legacy89DiskKit.CharacterEncoding.Application\Legacy89DiskKit.CharacterEncoding.Application.csproj", "{84554969-3485-47F0-BBC9-DCCAF4412CDC}"
EndProject
Global
	GlobalSection(SolutionConfigurationPlatforms) = preSolution
		Debug|Any CPU = Debug|Any CPU
		Release|Any CPU = Release|Any CPU
	EndGlobalSection
	GlobalSection(SolutionProperties) = preSolution
		HideSolutionNode = FALSE
	EndGlobalSection
	GlobalSection(ProjectConfigurationPlatforms) = postSolution
		{60351231-AF16-4563-845B-EA4E0C1169DE}.Debug|Any CPU.ActiveCfg = Debug|Any CPU
		{60351231-AF16-4563-845B-EA4E0C1169DE}.Debug|Any CPU.Build.0 = Debug|Any CPU
		{60351231-AF16-4563-845B-EA4E0C1169DE}.Release|Any CPU.ActiveCfg = Release|Any CPU
		{60351231-AF16-4563-845B-EA4E0C1169DE}.Release|Any CPU.Build.0 = Release|Any CPU
		{10AF0A7C-1A4D-418A-8336-0C819DCFF080}.Debug|Any CPU.ActiveCfg = Debug|Any CPU
		{10AF0A7C-1A4D-418A-8336-0C819DCFF080}.Debug|Any CPU.Build.0 = Debug|Any CPU
		{10AF0A7C-1A4D-418A-8336-0C819DCFF080}.Release|Any CPU.ActiveCfg = Release|Any CPU
		{10AF0A7C-1A4D-418A-8336-0C819DCFF080}.Release|Any CPU.Build.0 = Release|Any CPU
		{51529305-ABD4-497C-8CF6-13D20613CCCC}.Debug|Any CPU.ActiveCfg = Debug|Any CPU
		{51529305-ABD4-497C-8CF6-13D20613CCCC}.Debug|Any CPU.Build.0 = Debug|Any CPU
		{51529305-ABD4-497C-8CF6-13D20613CCCC}.Release|Any CPU.ActiveCfg = Release|Any CPU
		{51529305-ABD4-497C-8CF6-13D20613CCCC}.Release|Any CPU.Build.0 = Release|Any CPU
		{B17C526A-5F1A-49CA-AB80-68F372C22240}.Debug|Any CPU.ActiveCfg = Debug|Any CPU
		{B17C526A-5F1A-49CA-AB80-68F372C22240}.Debug|Any CPU.Build.0 = Debug|Any CPU
		{B17C526A-5F1A-49CA-AB80-68F372C22240}.Release|Any CPU.ActiveCfg = Release|Any CPU
		{B17C526A-5F1A-49CA-AB80-68F372C22240}.Release|Any CPU.Build.0 = Release|Any CPU
		{20FA371C-D561-49A2-A443-5D0E6493185B}.Debug|Any CPU.ActiveCfg = Debug|Any CPU
		{20FA371C-D561-49A2-A443-5D0E6493185B}.Debug|Any CPU.Build.0 = Debug|Any CPU
		{20FA371C-D561-49A2-A443-5D0E6493185B}.Release|Any CPU.ActiveCfg = Release|Any CPU
		{20FA371C-D561-49A2-A443-5D0E6493185B}.Release|Any CPU.Build.0 = Release|Any CPU
		{30A9D488-2DAE-4C82-B685-3C3773090B0E}.Debug|Any CPU.ActiveCfg = Debug|Any CPU
		{30A9D488-2DAE-4C82-B685-3C3773090B0E}.Debug|Any CPU.Build.0 = Debug|Any CPU
		{30A9D488-2DAE-4C82-B685-3C3773090B0E}.Release|Any CPU.ActiveCfg = Release|Any CPU
		{30A9D488-2DAE-4C82-B685-3C3773090B0E}.Release|Any CPU.Build.0 = Release|Any CPU
		{44C51862-03C7-4BBB-B466-EB507A9A77D2}.Debug|Any CPU.ActiveCfg = Debug|Any CPU
		{44C51862-03C7-4BBB-B466-EB507A9A77D2}.Debug|Any CPU.Build.0 = Debug|Any CPU
		{44C51862-03C7-4BBB-B466-EB507A9A77D2}.Release|Any CPU.ActiveCfg = Release|Any CPU
		{44C51862-03C7-4BBB-B466-EB507A9A77D2}.Release|Any CPU.Build.0 = Release|Any CPU
		{84554969-3485-47F0-BBC9-DCCAF4412CDC}.Debug|Any CPU.ActiveCfg = Debug|Any CPU
		{84554969-3485-47F0-BBC9-DCCAF4412CDC}.Debug|Any CPU.Build.0 = Debug|Any CPU
		{84554969-3485-47F0-BBC9-DCCAF4412CDC}.Release|Any CPU.ActiveCfg = Release|Any CPU
		{84554969-3485-47F0-BBC9-DCCAF4412CDC}.Release|Any CPU.Build.0 = Release|Any CPU
	EndGlobalSection
EndGlobal
